<?xml version="1.0" encoding="utf-8"?>
<Project ToolsVersion="4.0" xmlns="http://schemas.microsoft.com/developer/msbuild/2003">
  <ItemGroup>
    <Filter Include="Source Files">
      <UniqueIdentifier>{4FC737F1-C7A5-4376-A066-2A32D752A2FF}</UniqueIdentifier>
      <Extensions>cpp;c;cc;cxx;c++;cppm;ixx;def;odl;idl;hpj;bat;asm;asmx</Extensions>
    </Filter>
    <Filter Include="Header Files">
      <UniqueIdentifier>{93995380-89BD-4b04-88EB-625FBE52EBFB}</UniqueIdentifier>
      <Extensions>h;hh;hpp;hxx;h++;hm;inl;inc;ipp;xsd</Extensions>
    </Filter>
    <Filter Include="Resource Files">
      <UniqueIdentifier>{67DA6AB6-F800-4c08-8B7A-83BB121AAD01}</UniqueIdentifier>
      <Extensions>rc;ico;cur;bmp;dlg;rc2;rct;bin;rgs;gif;jpg;jpeg;jpe;resx;tiff;tif;png;wav;mfcribbon-ms</Extensions>
    </Filter>
  </ItemGroup>
  <ItemGroup>
    <ClCompile Include="main.cpp">
      <Filter>Source Files</Filter>
    </ClCompile>
    <ClCompile Include="dumper.cpp">
      <Filter>Source Files</Filter>
    </ClCompile>
    <ClCompile Include="output\animationsystem.dll_test.cpp">
      <Filter>Source Files</Filter>
    </ClCompile>
    <ClCompile Include="output\client.dll_test.cpp">
      <Filter>Source Files</Filter>
    </ClCompile>
    <ClCompile Include="output\engine2.dll_test.cpp">
      <Filter>Source Files</Filter>
    </ClCompile>
    <ClCompile Include="output\global_types_test.cpp">
      <Filter>Source Files</Filter>
    </ClCompile>
    <ClCompile Include="output\host.dll_test.cpp">
      <Filter>Source Files</Filter>
    </ClCompile>
    <ClCompile Include="output\materialsystem2.dll_test.cpp">
      <Filter>Source Files</Filter>
    </ClCompile>
    <ClCompile Include="output\particles.dll_test.cpp">
      <Filter>Source Files</Filter>
    </ClCompile>
    <ClCompile Include="output\pulse_system.dll_test.cpp">
      <Filter>Source Files</Filter>
    </ClCompile>
    <ClCompile Include="output\rendersystemdx11.dll_test.cpp">
      <Filter>Source Files</Filter>
    </ClCompile>
    <ClCompile Include="output\resourcesystem.dll_test.cpp">
      <Filter>Source Files</Filter>
    </ClCompile>
    <ClCompile Include="output\scenesystem.dll_test.cpp">
      <Filter>Source Files</Filter>
    </ClCompile>
    <ClCompile Include="output\schemasystem.dll_test.cpp">
      <Filter>Source Files</Filter>
    </ClCompile>
    <ClCompile Include="output\server.dll_test.cpp">
      <Filter>Source Files</Filter>
    </ClCompile>
    <ClCompile Include="output\soundsystem.dll_test.cpp">
      <Filter>Source Files</Filter>
    </ClCompile>
    <ClCompile Include="output\steamaudio.dll_test.cpp">
      <Filter>Source Files</Filter>
    </ClCompile>
    <ClCompile Include="output\vphysics2.dll_test.cpp">
      <Filter>Source Files</Filter>
    </ClCompile>
    <ClCompile Include="output\worldrenderer.dll_test.cpp">
      <Filter>Source Files</Filter>
    </ClCompile>
  </ItemGroup>
  <ItemGroup>
    <ClInclude Include="sdk.h">
      <Filter>Header Files</Filter>
    </ClInclude>
    <ClInclude Include="mem.h">
      <Filter>Header Files</Filter>
    </ClInclude>
    <ClInclude Include="dumper.h">
      <Filter>Header Files</Filter>
    </ClInclude>
    <ClInclude Include="str_util.h">
      <Filter>Header Files</Filter>
    </ClInclude>
    <ClInclude Include="output\animationsystem.dll.h">
      <Filter>Header Files</Filter>
    </ClInclude>
    <ClInclude Include="output\client.dll.h">
      <Filter>Header Files</Filter>
    </ClInclude>
    <ClInclude Include="output\engine2.dll.h">
      <Filter>Header Files</Filter>
    </ClInclude>
    <ClInclude Include="output\global_types.h">
      <Filter>Header Files</Filter>
    </ClInclude>
    <ClInclude Include="output\host.dll.h">
      <Filter>Header Files</Filter>
    </ClInclude>
    <ClInclude Include="output\materialsystem2.dll.h">
      <Filter>Header Files</Filter>
    </ClInclude>
    <ClInclude Include="output\particles.dll.h">
      <Filter>Header Files</Filter>
    </ClInclude>
    <ClInclude Include="output\pulse_system.dll.h">
      <Filter>Header Files</Filter>
    </ClInclude>
    <ClInclude Include="output\rendersystemdx11.dll.h">
      <Filter>Header Files</Filter>
    </ClInclude>
    <ClInclude Include="output\resourcesystem.dll.h">
      <Filter>Header Files</Filter>
    </ClInclude>
    <ClInclude Include="output\scenesystem.dll.h">
      <Filter>Header Files</Filter>
    </ClInclude>
    <ClInclude Include="output\schemasystem.dll.h">
      <Filter>Header Files</Filter>
    </ClInclude>
    <ClInclude Include="output\server.dll.h">
      <Filter>Header Files</Filter>
    </ClInclude>
    <ClInclude Include="output\soundsystem.dll.h">
      <Filter>Header Files</Filter>
    </ClInclude>
    <ClInclude Include="output\steamaudio.dll.h">
      <Filter>Header Files</Filter>
    </ClInclude>
    <ClInclude Include="output\vphysics2.dll.h">
      <Filter>Header Files</Filter>
    </ClInclude>
    <ClInclude Include="output\worldrenderer.dll.h">
      <Filter>Header Files</Filter>
    </ClInclude>
  </ItemGroup>
</Project>